// !$*UTF8*$!
{
	archiveVersion = 1;
	classes = {
	};
	objectVersion = 50;
	objects = {

/* Begin PBXBuildFile section */
		2065E76824B46C37003FB3FE /* AppDelegate.swift in Sources */ = {isa = PBXBuildFile; fileRef = 2065E76724B46C37003FB3FE /* AppDelegate.swift */; };
		2065E76A24B46C37003FB3FE /* SceneDelegate.swift in Sources */ = {isa = PBXBuildFile; fileRef = 2065E76924B46C37003FB3FE /* SceneDelegate.swift */; };
		2065E76C24B46C37003FB3FE /* ConversationsViewController.swift in Sources */ = {isa = PBXBuildFile; fileRef = 2065E76B24B46C37003FB3FE /* ConversationsViewController.swift */; };
		2065E76F24B46C37003FB3FE /* Main.storyboard in Resources */ = {isa = PBXBuildFile; fileRef = 2065E76D24B46C37003FB3FE /* Main.storyboard */; };
		2065E77124B46C3A003FB3FE /* Assets.xcassets in Resources */ = {isa = PBXBuildFile; fileRef = 2065E77024B46C3A003FB3FE /* Assets.xcassets */; };
		2065E77424B46C3A003FB3FE /* LaunchScreen.storyboard in Resources */ = {isa = PBXBuildFile; fileRef = 2065E77224B46C3A003FB3FE /* LaunchScreen.storyboard */; };
		2065E78224B47C83003FB3FE /* LoginViewController.swift in Sources */ = {isa = PBXBuildFile; fileRef = 2065E78124B47C83003FB3FE /* LoginViewController.swift */; };
		2065E78424B47C92003FB3FE /* RegisterViewController.swift in Sources */ = {isa = PBXBuildFile; fileRef = 2065E78324B47C92003FB3FE /* RegisterViewController.swift */; };
		2065E78624B47CB0003FB3FE /* PhotoViewerViewController.swift in Sources */ = {isa = PBXBuildFile; fileRef = 2065E78524B47CB0003FB3FE /* PhotoViewerViewController.swift */; };
		2065E78824B47CBC003FB3FE /* VideoPlayerViewController.swift in Sources */ = {isa = PBXBuildFile; fileRef = 2065E78724B47CBC003FB3FE /* VideoPlayerViewController.swift */; };
		2065E78A24B47CDA003FB3FE /* NewConversationViewController.swift in Sources */ = {isa = PBXBuildFile; fileRef = 2065E78924B47CDA003FB3FE /* NewConversationViewController.swift */; };
		2065E78C24B47CE5003FB3FE /* ProfileViewController.swift in Sources */ = {isa = PBXBuildFile; fileRef = 2065E78B24B47CE5003FB3FE /* ProfileViewController.swift */; };
/* End PBXBuildFile section */

/* Begin PBXFileReference section */
		2065E76424B46C37003FB3FE /* Messenger.app */ = {isa = PBXFileReference; explicitFileType = wrapper.application; includeInIndex = 0; path = Messenger.app; sourceTree = BUILT_PRODUCTS_DIR; };
		2065E76724B46C37003FB3FE /* AppDelegate.swift */ = {isa = PBXFileReference; lastKnownFileType = sourcecode.swift; path = AppDelegate.swift; sourceTree = "<group>"; };
		2065E76924B46C37003FB3FE /* SceneDelegate.swift */ = {isa = PBXFileReference; lastKnownFileType = sourcecode.swift; path = SceneDelegate.swift; sourceTree = "<group>"; };
		2065E76B24B46C37003FB3FE /* ConversationsViewController.swift */ = {isa = PBXFileReference; lastKnownFileType = sourcecode.swift; path = ConversationsViewController.swift; sourceTree = "<group>"; };
		2065E76E24B46C37003FB3FE /* Base */ = {isa = PBXFileReference; lastKnownFileType = file.storyboard; name = Base; path = Base.lproj/Main.storyboard; sourceTree = "<group>"; };
		2065E77024B46C3A003FB3FE /* Assets.xcassets */ = {isa = PBXFileReference; lastKnownFileType = folder.assetcatalog; path = Assets.xcassets; sourceTree = "<group>"; };
		2065E77324B46C3A003FB3FE /* Base */ = {isa = PBXFileReference; lastKnownFileType = file.storyboard; name = Base; path = Base.lproj/LaunchScreen.storyboard; sourceTree = "<group>"; };
		2065E77524B46C3A003FB3FE /* Info.plist */ = {isa = PBXFileReference; lastKnownFileType = text.plist.xml; path = Info.plist; sourceTree = "<group>"; };
		2065E78124B47C83003FB3FE /* LoginViewController.swift */ = {isa = PBXFileReference; lastKnownFileType = sourcecode.swift; path = LoginViewController.swift; sourceTree = "<group>"; };
		2065E78324B47C92003FB3FE /* RegisterViewController.swift */ = {isa = PBXFileReference; lastKnownFileType = sourcecode.swift; path = RegisterViewController.swift; sourceTree = "<group>"; };
		2065E78524B47CB0003FB3FE /* PhotoViewerViewController.swift */ = {isa = PBXFileReference; lastKnownFileType = sourcecode.swift; path = PhotoViewerViewController.swift; sourceTree = "<group>"; };
		2065E78724B47CBC003FB3FE /* VideoPlayerViewController.swift */ = {isa = PBXFileReference; lastKnownFileType = sourcecode.swift; path = VideoPlayerViewController.swift; sourceTree = "<group>"; };
		2065E78924B47CDA003FB3FE /* NewConversationViewController.swift */ = {isa = PBXFileReference; lastKnownFileType = sourcecode.swift; path = NewConversationViewController.swift; sourceTree = "<group>"; };
		2065E78B24B47CE5003FB3FE /* ProfileViewController.swift */ = {isa = PBXFileReference; lastKnownFileType = sourcecode.swift; path = ProfileViewController.swift; sourceTree = "<group>"; };
/* End PBXFileReference section */

/* Begin PBXFrameworksBuildPhase section */
		2065E76124B46C37003FB3FE /* Frameworks */ = {
			isa = PBXFrameworksBuildPhase;
			buildActionMask = 2147483647;
			files = (
			);
			runOnlyForDeploymentPostprocessing = 0;
		};
/* End PBXFrameworksBuildPhase section */

/* Begin PBXGroup section */
		2065E75B24B46C37003FB3FE = {
			isa = PBXGroup;
			children = (
				2065E76624B46C37003FB3FE /* Messenger */,
				2065E76524B46C37003FB3FE /* Products */,
			);
			sourceTree = "<group>";
		};
		2065E76524B46C37003FB3FE /* Products */ = {
			isa = PBXGroup;
			children = (
				2065E76424B46C37003FB3FE /* Messenger.app */,
			);
			name = Products;
			sourceTree = "<group>";
		};
		2065E76624B46C37003FB3FE /* Messenger */ = {
			isa = PBXGroup;
			children = (
				2065E77F24B47B8E003FB3FE /* Resources */,
				2065E77E24B47B85003FB3FE /* ViewModels */,
				2065E77D24B47B80003FB3FE /* Models */,
				2065E77C24B47B7C003FB3FE /* Views */,
				2065E77B24B47B72003FB3FE /* Controllers */,
				2065E77524B46C3A003FB3FE /* Info.plist */,
			);
			path = Messenger;
			sourceTree = "<group>";
		};
		2065E77B24B47B72003FB3FE /* Controllers */ = {
			isa = PBXGroup;
			children = (
				2065E76B24B46C37003FB3FE /* ConversationsViewController.swift */,
				2065E78124B47C83003FB3FE /* LoginViewController.swift */,
				2065E78324B47C92003FB3FE /* RegisterViewController.swift */,
				2065E78524B47CB0003FB3FE /* PhotoViewerViewController.swift */,
				2065E78724B47CBC003FB3FE /* VideoPlayerViewController.swift */,
				2065E78924B47CDA003FB3FE /* NewConversationViewController.swift */,
				2065E78B24B47CE5003FB3FE /* ProfileViewController.swift */,
			);
			path = Controllers;
			sourceTree = "<group>";
		};
		2065E77C24B47B7C003FB3FE /* Views */ = {
			isa = PBXGroup;
			children = (
				2065E78024B47BB0003FB3FE /* Storyboards */,
				2065E77024B46C3A003FB3FE /* Assets.xcassets */,
			);
			path = Views;
			sourceTree = "<group>";
		};
		2065E77D24B47B80003FB3FE /* Models */ = {
			isa = PBXGroup;
			children = (
			);
			path = Models;
			sourceTree = "<group>";
		};
		2065E77E24B47B85003FB3FE /* ViewModels */ = {
			isa = PBXGroup;
			children = (
			);
			path = ViewModels;
			sourceTree = "<group>";
		};
		2065E77F24B47B8E003FB3FE /* Resources */ = {
			isa = PBXGroup;
			children = (
				2065E76724B46C37003FB3FE /* AppDelegate.swift */,
				2065E76924B46C37003FB3FE /* SceneDelegate.swift */,
			);
			path = Resources;
			sourceTree = "<group>";
		};
		2065E78024B47BB0003FB3FE /* Storyboards */ = {
			isa = PBXGroup;
			children = (
				2065E76D24B46C37003FB3FE /* Main.storyboard */,
				2065E77224B46C3A003FB3FE /* LaunchScreen.storyboard */,
			);
			path = Storyboards;
			sourceTree = "<group>";
		};
/* End PBXGroup section */

/* Begin PBXNativeTarget section */
		2065E76324B46C37003FB3FE /* Messenger */ = {
			isa = PBXNativeTarget;
			buildConfigurationList = 2065E77824B46C3A003FB3FE /* Build configuration list for PBXNativeTarget "Messenger" */;
			buildPhases = (
				2065E76024B46C37003FB3FE /* Sources */,
				2065E76124B46C37003FB3FE /* Frameworks */,
				2065E76224B46C37003FB3FE /* Resources */,
			);
			buildRules = (
			);
			dependencies = (
			);
			name = Messenger;
			productName = Messenger;
			productReference = 2065E76424B46C37003FB3FE /* Messenger.app */;
			productType = "com.apple.product-type.application";
		};
/* End PBXNativeTarget section */

/* Begin PBXProject section */
		2065E75C24B46C37003FB3FE /* Project object */ = {
			isa = PBXProject;
			attributes = {
				LastSwiftUpdateCheck = 1150;
				LastUpgradeCheck = 1150;
				ORGANIZATIONNAME = "Evan Harry";
				TargetAttributes = {
					2065E76324B46C37003FB3FE = {
						CreatedOnToolsVersion = 11.5;
					};
				};
			};
			buildConfigurationList = 2065E75F24B46C37003FB3FE /* Build configuration list for PBXProject "Messenger" */;
			compatibilityVersion = "Xcode 9.3";
			developmentRegion = en;
			hasScannedForEncodings = 0;
			knownRegions = (
				en,
				Base,
			);
			mainGroup = 2065E75B24B46C37003FB3FE;
			productRefGroup = 2065E76524B46C37003FB3FE /* Products */;
			projectDirPath = "";
			projectRoot = "";
			targets = (
				2065E76324B46C37003FB3FE /* Messenger */,
			);
		};
/* End PBXProject section */

/* Begin PBXResourcesBuildPhase section */
		2065E76224B46C37003FB3FE /* Resources */ = {
			isa = PBXResourcesBuildPhase;
			buildActionMask = 2147483647;
			files = (
				2065E77424B46C3A003FB3FE /* LaunchScreen.storyboard in Resources */,
				2065E77124B46C3A003FB3FE /* Assets.xcassets in Resources */,
				2065E76F24B46C37003FB3FE /* Main.storyboard in Resources */,
			);
			runOnlyForDeploymentPostprocessing = 0;
		};
/* End PBXResourcesBuildPhase section */

/* Begin PBXSourcesBuildPhase section */
		2065E76024B46C37003FB3FE /* Sources */ = {
			isa = PBXSourcesBuildPhase;
			buildActionMask = 2147483647;
			files = (
				2065E78224B47C83003FB3FE /* LoginViewController.swift in Sources */,
				2065E78424B47C92003FB3FE /* RegisterViewController.swift in Sources */,
				2065E78A24B47CDA003FB3FE /* NewConversationViewController.swift in Sources */,
				2065E76C24B46C37003FB3FE /* ConversationsViewController.swift in Sources */,
				2065E78824B47CBC003FB3FE /* VideoPlayerViewController.swift in Sources */,
				2065E76824B46C37003FB3FE /* AppDelegate.swift in Sources */,
				2065E78C24B47CE5003FB3FE /* ProfileViewController.swift in Sources */,
				2065E76A24B46C37003FB3FE /* SceneDelegate.swift in Sources */,
				2065E78624B47CB0003FB3FE /* PhotoViewerViewController.swift in Sources */,
			);
			runOnlyForDeploymentPostprocessing = 0;
		};
/* End PBXSourcesBuildPhase section */

/* Begin PBXVariantGroup section */
		2065E76D24B46C37003FB3FE /* Main.storyboard */ = {
			isa = PBXVariantGroup;
			children = (
				2065E76E24B46C37003FB3FE /* Base */,
			);
			name = Main.storyboard;
			sourceTree = "<group>";
		};
		2065E77224B46C3A003FB3FE /* LaunchScreen.storyboard */ = {
			isa = PBXVariantGroup;
			children = (
				2065E77324B46C3A003FB3FE /* Base */,
			);
			name = LaunchScreen.storyboard;
			sourceTree = "<group>";
		};
/* End PBXVariantGroup section */

/* Begin XCBuildConfiguration section */
		2065E77624B46C3A003FB3FE /* Debug */ = {
			isa = XCBuildConfiguration;
			buildSettings = {
				ALWAYS_SEARCH_USER_PATHS = NO;
				CLANG_ANALYZER_NONNULL = YES;
				CLANG_ANALYZER_NUMBER_OBJECT_CONVERSION = YES_AGGRESSIVE;
				CLANG_CXX_LANGUAGE_STANDARD = "gnu++14";
				CLANG_CXX_LIBRARY = "libc++";
				CLANG_ENABLE_MODULES = YES;
				CLANG_ENABLE_OBJC_ARC = YES;
				CLANG_ENABLE_OBJC_WEAK = YES;
				CLANG_WARN_BLOCK_CAPTURE_AUTORELEASING = YES;
				CLANG_WARN_BOOL_CONVERSION = YES;
				CLANG_WARN_COMMA = YES;
				CLANG_WARN_CONSTANT_CONVERSION = YES;
				CLANG_WARN_DEPRECATED_OBJC_IMPLEMENTATIONS = YES;
				CLANG_WARN_DIRECT_OBJC_ISA_USAGE = YES_ERROR;
				CLANG_WARN_DOCUMENTATION_COMMENTS = YES;
				CLANG_WARN_EMPTY_BODY = YES;
				CLANG_WARN_ENUM_CONVERSION = YES;
				CLANG_WARN_INFINITE_RECURSION = YES;
				CLANG_WARN_INT_CONVERSION = YES;
				CLANG_WARN_NON_LITERAL_NULL_CONVERSION = YES;
				CLANG_WARN_OBJC_IMPLICIT_RETAIN_SELF = YES;
				CLANG_WARN_OBJC_LITERAL_CONVERSION = YES;
				CLANG_WARN_OBJC_ROOT_CLASS = YES_ERROR;
				CLANG_WARN_RANGE_LOOP_ANALYSIS = YES;
				CLANG_WARN_STRICT_PROTOTYPES = YES;
				CLANG_WARN_SUSPICIOUS_MOVE = YES;
				CLANG_WARN_UNGUARDED_AVAILABILITY = YES_AGGRESSIVE;
				CLANG_WARN_UNREACHABLE_CODE = YES;
				CLANG_WARN__DUPLICATE_METHOD_MATCH = YES;
				COPY_PHASE_STRIP = NO;
				DEBUG_INFORMATION_FORMAT = dwarf;
				ENABLE_STRICT_OBJC_MSGSEND = YES;
				ENABLE_TESTABILITY = YES;
				GCC_C_LANGUAGE_STANDARD = gnu11;
				GCC_DYNAMIC_NO_PIC = NO;
				GCC_NO_COMMON_BLOCKS = YES;
				GCC_OPTIMIZATION_LEVEL = 0;
				GCC_PREPROCESSOR_DEFINITIONS = (
					"DEBUG=1",
					"$(inherited)",
				);
				GCC_WARN_64_TO_32_BIT_CONVERSION = YES;
				GCC_WARN_ABOUT_RETURN_TYPE = YES_ERROR;
				GCC_WARN_UNDECLARED_SELECTOR = YES;
				GCC_WARN_UNINITIALIZED_AUTOS = YES_AGGRESSIVE;
				GCC_WARN_UNUSED_FUNCTION = YES;
				GCC_WARN_UNUSED_VARIABLE = YES;
				IPHONEOS_DEPLOYMENT_TARGET = 13.5;
				MTL_ENABLE_DEBUG_INFO = INCLUDE_SOURCE;
				MTL_FAST_MATH = YES;
				ONLY_ACTIVE_ARCH = YES;
				SDKROOT = iphoneos;
				SWIFT_ACTIVE_COMPILATION_CONDITIONS = DEBUG;
				SWIFT_OPTIMIZATION_LEVEL = "-Onone";
			};
			name = Debug;
		};
		2065E77724B46C3A003FB3FE /* Release */ = {
			isa = XCBuildConfiguration;
			buildSettings = {
				ALWAYS_SEARCH_USER_PATHS = NO;
				CLANG_ANALYZER_NONNULL = YES;
				CLANG_ANALYZER_NUMBER_OBJECT_CONVERSION = YES_AGGRESSIVE;
				CLANG_CXX_LANGUAGE_STANDARD = "gnu++14";
				CLANG_CXX_LIBRARY = "libc++";
				CLANG_ENABLE_MODULES = YES;
				CLANG_ENABLE_OBJC_ARC = YES;
				CLANG_ENABLE_OBJC_WEAK = YES;
				CLANG_WARN_BLOCK_CAPTURE_AUTORELEASING = YES;
				CLANG_WARN_BOOL_CONVERSION = YES;
				CLANG_WARN_COMMA = YES;
				CLANG_WARN_CONSTANT_CONVERSION = YES;
				CLANG_WARN_DEPRECATED_OBJC_IMPLEMENTATIONS = YES;
				CLANG_WARN_DIRECT_OBJC_ISA_USAGE = YES_ERROR;
				CLANG_WARN_DOCUMENTATION_COMMENTS = YES;
				CLANG_WARN_EMPTY_BODY = YES;
				CLANG_WARN_ENUM_CONVERSION = YES;
				CLANG_WARN_INFINITE_RECURSION = YES;
				CLANG_WARN_INT_CONVERSION = YES;
				CLANG_WARN_NON_LITERAL_NULL_CONVERSION = YES;
				CLANG_WARN_OBJC_IMPLICIT_RETAIN_SELF = YES;
				CLANG_WARN_OBJC_LITERAL_CONVERSION = YES;
				CLANG_WARN_OBJC_ROOT_CLASS = YES_ERROR;
				CLANG_WARN_RANGE_LOOP_ANALYSIS = YES;
				CLANG_WARN_STRICT_PROTOTYPES = YES;
				CLANG_WARN_SUSPICIOUS_MOVE = YES;
				CLANG_WARN_UNGUARDED_AVAILABILITY = YES_AGGRESSIVE;
				CLANG_WARN_UNREACHABLE_CODE = YES;
				CLANG_WARN__DUPLICATE_METHOD_MATCH = YES;
				COPY_PHASE_STRIP = NO;
				DEBUG_INFORMATION_FORMAT = "dwarf-with-dsym";
				ENABLE_NS_ASSERTIONS = NO;
				ENABLE_STRICT_OBJC_MSGSEND = YES;
				GCC_C_LANGUAGE_STANDARD = gnu11;
				GCC_NO_COMMON_BLOCKS = YES;
				GCC_WARN_64_TO_32_BIT_CONVERSION = YES;
				GCC_WARN_ABOUT_RETURN_TYPE = YES_ERROR;
				GCC_WARN_UNDECLARED_SELECTOR = YES;
				GCC_WARN_UNINITIALIZED_AUTOS = YES_AGGRESSIVE;
				GCC_WARN_UNUSED_FUNCTION = YES;
				GCC_WARN_UNUSED_VARIABLE = YES;
				IPHONEOS_DEPLOYMENT_TARGET = 13.5;
				MTL_ENABLE_DEBUG_INFO = NO;
				MTL_FAST_MATH = YES;
				SDKROOT = iphoneos;
				SWIFT_COMPILATION_MODE = wholemodule;
				SWIFT_OPTIMIZATION_LEVEL = "-O";
				VALIDATE_PRODUCT = YES;
			};
			name = Release;
		};
		2065E77924B46C3A003FB3FE /* Debug */ = {
			isa = XCBuildConfiguration;
			buildSettings = {
				ASSETCATALOG_COMPILER_APPICON_NAME = AppIcon;
				CODE_SIGN_STYLE = Automatic;
				INFOPLIST_FILE = Messenger/Info.plist;
				LD_RUNPATH_SEARCH_PATHS = (
					"$(inherited)",
					"@executable_path/Frameworks",
				);
				PRODUCT_BUNDLE_IDENTIFIER = "com.greenfields-software.Messenger";
				PRODUCT_NAME = "$(TARGET_NAME)";
				SWIFT_VERSION = 5.0;
				TARGETED_DEVICE_FAMILY = "1,2";
			};
			name = Debug;
		};
		2065E77A24B46C3A003FB3FE /* Release */ = {
			isa = XCBuildConfiguration;
			buildSettings = {
				ASSETCATALOG_COMPILER_APPICON_NAME = AppIcon;
				CODE_SIGN_STYLE = Automatic;
				INFOPLIST_FILE = Messenger/Info.plist;
				LD_RUNPATH_SEARCH_PATHS = (
					"$(inherited)",
					"@executable_path/Frameworks",
				);
				PRODUCT_BUNDLE_IDENTIFIER = "com.greenfields-software.Messenger";
				PRODUCT_NAME = "$(TARGET_NAME)";
				SWIFT_VERSION = 5.0;
				TARGETED_DEVICE_FAMILY = "1,2";
			};
			name = Release;
		};
/* End XCBuildConfiguration section */

/* Begin XCConfigurationList section */
		2065E75F24B46C37003FB3FE /* Build configuration list for PBXProject "Messenger" */ = {
			isa = XCConfigurationList;
			buildConfigurations = (
				2065E77624B46C3A003FB3FE /* Debug */,
				2065E77724B46C3A003FB3FE /* Release */,
			);
			defaultConfigurationIsVisible = 0;
			defaultConfigurationName = Release;
		};
		2065E77824B46C3A003FB3FE /* Build configuration list for PBXNativeTarget "Messenger" */ = {
			isa = XCConfigurationList;
			buildConfigurations = (
				2065E77924B46C3A003FB3FE /* Debug */,
				2065E77A24B46C3A003FB3FE /* Release */,
			);
			defaultConfigurationIsVisible = 0;
			defaultConfigurationName = Release;
		};
/* End XCConfigurationList section */
	};
	rootObject = 2065E75C24B46C37003FB3FE /* Project object */;
}
